
Microsoft Visual Studio Solution File, Format Version 12.00
# Visual Studio Version 16
VisualStudioVersion = 16.0.33423.256
MinimumVisualStudioVersion = 10.0.40219.1
Project("{FAE04EC0-301F-11D3-BF4B-00C04F79EFBC}") = "Tetris", "Tetris.csproj", "{B6BB5E22-D1C6-4640-9059-B1E5885D874A}"
EndProject
Global
	GlobalSection(SolutionConfigurationPlatforms) = preSolution
		Debug|Any CPU = Debug|Any CPU
		Release|Any CPU = Release|Any CPU
	EndGlobalSection
	GlobalSection(ProjectConfigurationPlatforms) = postSolution
		{B6BB5E22-D1C6-4640-9059-B1E5885D874A}.Debug|Any CPU.ActiveCfg = Debug|Any CPU
		{B6BB5E22-D1C6-4640-9059-B1E5885D874A}.Debug|Any CPU.Build.0 = Debug|Any CPU
		{B6BB5E22-D1C6-4640-9059-B1E5885D874A}.Release|Any CPU.ActiveCfg = Release|Any CPU
		{B6BB5E22-D1C6-4640-9059-B1E5885D874A}.Release|Any CPU.Build.0 = Release|Any CPU
	EndGlobalSection
	GlobalSection(SolutionProperties) = preSolution
		HideSolutionNode = FALSE
	EndGlobalSection
	GlobalSection(ExtensibilityGlobals) = postSolution
		SolutionGuid = {C3F9523D-479C-4D0C-9C0B-ADF235DAB200}
	EndGlobalSection
EndGlobal
